
Microsoft Visual Studio Solution File, Format Version 12.00
# Visual Studio Version 17
VisualStudioVersion = 17.14.37216.2
MinimumVisualStudioVersion = 10.0.40219.1
Project("{FAE04EC0-301F-11D3-BF4B-00C04F79EFBC}") = "Mind.AppHost", "Mind.AppHost\Mind.AppHost.csproj", "{D781CAB7-90E8-49F4-851C-D663D2B8F340}"
EndProject
Project("{FAE04EC0-301F-11D3-BF4B-00C04F79EFBC}") = "Mind.Contracts", "Mind.Contracts\Mind.Contracts.csproj", "{E5776572-51C8-40C7-970B-5DB56C7A3DA7}"
EndProject
Project("{FAE04EC0-301F-11D3-BF4B-00C04F79EFBC}") = "Mind.Perception", "Mind.Perception\Mind.Perception.csproj", "{59FF5914-450E-48DC-8015-06C5A6ED97D3}"
EndProject
Project("{FAE04EC0-301F-11D3-BF4B-00C04F79EFBC}") = "Mind.Memory", "Mind.Memory\Mind.Memory.csproj", "{CA7991BD-6264-46AA-8332-BB2799B9FA46}"
EndProject
Project("{FAE04EC0-301F-11D3-BF4B-00C04F79EFBC}") = "Mind.Hearing", "Mind.Hearing\Mind.Hearing.csproj", "{07AC9364-CA95-46AC-8690-40C5AB0ADF4A}"
EndProject
Project("{FAE04EC0-301F-11D3-BF4B-00C04F79EFBC}") = "Mind.Hearing.Tuner", "Mind.Hearing.Tuner\Mind.Hearing.Tuner.csproj", "{A2F72971-7828-4472-B87F-96C95A56F7CC}"
EndProject
Project("{FAE04EC0-301F-11D3-BF4B-00C04F79EFBC}") = "Mind.Facts", "Mind.Facts\Mind.Facts.csproj", "{6D205C10-D1C7-4209-8D11-CBAF5CF5CCEC}"
EndProject
Global
	GlobalSection(SolutionConfigurationPlatforms) = preSolution
		Debug|Any CPU = Debug|Any CPU
		Debug|x64 = Debug|x64
		Debug|x86 = Debug|x86
		Release|Any CPU = Release|Any CPU
		Release|x64 = Release|x64
		Release|x86 = Release|x86
	EndGlobalSection
	GlobalSection(ProjectConfigurationPlatforms) = postSolution
		{D781CAB7-90E8-49F4-851C-D663D2B8F340}.Debug|Any CPU.ActiveCfg = Debug|Any CPU
		{D781CAB7-90E8-49F4-851C-D663D2B8F340}.Debug|Any CPU.Build.0 = Debug|Any CPU
		{D781CAB7-90E8-49F4-851C-D663D2B8F340}.Debug|x64.ActiveCfg = Debug|Any CPU
		{D781CAB7-90E8-49F4-851C-D663D2B8F340}.Debug|x64.Build.0 = Debug|Any CPU
		{D781CAB7-90E8-49F4-851C-D663D2B8F340}.Debug|x86.ActiveCfg = Debug|Any CPU
		{D781CAB7-90E8-49F4-851C-D663D2B8F340}.Debug|x86.Build.0 = Debug|Any CPU
		{D781CAB7-90E8-49F4-851C-D663D2B8F340}.Release|Any CPU.ActiveCfg = Release|Any CPU
		{D781CAB7-90E8-49F4-851C-D663D2B8F340}.Release|Any CPU.Build.0 = Release|Any CPU
		{D781CAB7-90E8-49F4-851C-D663D2B8F340}.Release|x64.ActiveCfg = Release|Any CPU
		{D781CAB7-90E8-49F4-851C-D663D2B8F340}.Release|x64.Build.0 = Release|Any CPU
		{D781CAB7-90E8-49F4-851C-D663D2B8F340}.Release|x86.ActiveCfg = Release|Any CPU
		{D781CAB7-90E8-49F4-851C-D663D2B8F340}.Release|x86.Build.0 = Release|Any CPU
		{E5776572-51C8-40C7-970B-5DB56C7A3DA7}.Debug|Any CPU.ActiveCfg = Debug|Any CPU
		{E5776572-51C8-40C7-970B-5DB56C7A3DA7}.Debug|Any CPU.Build.0 = Debug|Any CPU
		{E5776572-51C8-40C7-970B-5DB56C7A3DA7}.Debug|x64.ActiveCfg = Debug|Any CPU
		{E5776572-51C8-40C7-970B-5DB56C7A3DA7}.Debug|x64.Build.0 = Debug|Any CPU
		{E5776572-51C8-40C7-970B-5DB56C7A3DA7}.Debug|x86.ActiveCfg = Debug|Any CPU
		{E5776572-51C8-40C7-970B-5DB56C7A3DA7}.Debug|x86.Build.0 = Debug|Any CPU
		{E5776572-51C8-40C7-970B-5DB56C7A3DA7}.Release|Any CPU.ActiveCfg = Release|Any CPU
		{E5776572-51C8-40C7-970B-5DB56C7A3DA7}.Release|Any CPU.Build.0 = Release|Any CPU
		{E5776572-51C8-40C7-970B-5DB56C7A3DA7}.Release|x64.ActiveCfg = Release|Any CPU
		{E5776572-51C8-40C7-970B-5DB56C7A3DA7}.Release|x64.Build.0 = Release|Any CPU
		{E5776572-51C8-40C7-970B-5DB56C7A3DA7}.Release|x86.ActiveCfg = Release|Any CPU
		{E5776572-51C8-40C7-970B-5DB56C7A3DA7}.Release|x86.Build.0 = Release|Any CPU
		{59FF5914-450E-48DC-8015-06C5A6ED97D3}.Debug|Any CPU.ActiveCfg = Debug|Any CPU
		{59FF5914-450E-48DC-8015-06C5A6ED97D3}.Debug|Any CPU.Build.0 = Debug|Any CPU
		{59FF5914-450E-48DC-8015-06C5A6ED97D3}.Debug|x64.ActiveCfg = Debug|Any CPU
		{59FF5914-450E-48DC-8015-06C5A6ED97D3}.Debug|x64.Build.0 = Debug|Any CPU
		{59FF5914-450E-48DC-8015-06C5A6ED97D3}.Debug|x86.ActiveCfg = Debug|Any CPU
		{59FF5914-450E-48DC-8015-06C5A6ED97D3}.Debug|x86.Build.0 = Debug|Any CPU
		{59FF5914-450E-48DC-8015-06C5A6ED97D3}.Release|Any CPU.ActiveCfg = Release|Any CPU
		{59FF5914-450E-48DC-8015-06C5A6ED97D3}.Release|Any CPU.Build.0 = Release|Any CPU
		{59FF5914-450E-48DC-8015-06C5A6ED97D3}.Release|x64.ActiveCfg = Release|Any CPU
		{59FF5914-450E-48DC-8015-06C5A6ED97D3}.Release|x64.Build.0 = Release|Any CPU
		{59FF5914-450E-48DC-8015-06C5A6ED97D3}.Release|x86.ActiveCfg = Release|Any CPU
		{59FF5914-450E-48DC-8015-06C5A6ED97D3}.Release|x86.Build.0 = Release|Any CPU
		{CA7991BD-6264-46AA-8332-BB2799B9FA46}.Debug|Any CPU.ActiveCfg = Debug|Any CPU
		{CA7991BD-6264-46AA-8332-BB2799B9FA46}.Debug|Any CPU.Build.0 = Debug|Any CPU
		{CA7991BD-6264-46AA-8332-BB2799B9FA46}.Debug|x64.ActiveCfg = Debug|Any CPU
		{CA7991BD-6264-46AA-8332-BB2799B9FA46}.Debug|x64.Build.0 = Debug|Any CPU
		{CA7991BD-6264-46AA-8332-BB2799B9FA46}.Debug|x86.ActiveCfg = Debug|Any CPU
		{CA7991BD-6264-46AA-8332-BB2799B9FA46}.Debug|x86.Build.0 = Debug|Any CPU
		{CA7991BD-6264-46AA-8332-BB2799B9FA46}.Release|Any CPU.ActiveCfg = Release|Any CPU
		{CA7991BD-6264-46AA-8332-BB2799B9FA46}.Release|Any CPU.Build.0 = Release|Any CPU
		{CA7991BD-6264-46AA-8332-BB2799B9FA46}.Release|x64.ActiveCfg = Release|Any CPU
		{CA7991BD-6264-46AA-8332-BB2799B9FA46}.Release|x64.Build.0 = Release|Any CPU
		{CA7991BD-6264-46AA-8332-BB2799B9FA46}.Release|x86.ActiveCfg = Release|Any CPU
		{CA7991BD-6264-46AA-8332-BB2799B9FA46}.Release|x86.Build.0 = Release|Any CPU
		{07AC9364-CA95-46AC-8690-40C5AB0ADF4A}.Debug|Any CPU.ActiveCfg = Debug|Any CPU
		{07AC9364-CA95-46AC-8690-40C5AB0ADF4A}.Debug|Any CPU.Build.0 = Debug|Any CPU
		{07AC9364-CA95-46AC-8690-40C5AB0ADF4A}.Debug|x64.ActiveCfg = Debug|Any CPU
		{07AC9364-CA95-46AC-8690-40C5AB0ADF4A}.Debug|x64.Build.0 = Debug|Any CPU
		{07AC9364-CA95-46AC-8690-40C5AB0ADF4A}.Debug|x86.ActiveCfg = Debug|Any CPU
		{07AC9364-CA95-46AC-8690-40C5AB0ADF4A}.Debug|x86.Build.0 = Debug|Any CPU
		{07AC9364-CA95-46AC-8690-40C5AB0ADF4A}.Release|Any CPU.ActiveCfg = Release|Any CPU
		{07AC9364-CA95-46AC-8690-40C5AB0ADF4A}.Release|Any CPU.Build.0 = Release|Any CPU
		{07AC9364-CA95-46AC-8690-40C5AB0ADF4A}.Release|x64.ActiveCfg = Release|Any CPU
		{07AC9364-CA95-46AC-8690-40C5AB0ADF4A}.Release|x64.Build.0 = Release|Any CPU
		{07AC9364-CA95-46AC-8690-40C5AB0ADF4A}.Release|x86.ActiveCfg = Release|Any CPU
		{07AC9364-CA95-46AC-8690-40C5AB0ADF4A}.Release|x86.Build.0 = Release|Any CPU
		{A2F72971-7828-4472-B87F-96C95A56F7CC}.Debug|Any CPU.ActiveCfg = Debug|Any CPU
		{A2F72971-7828-4472-B87F-96C95A56F7CC}.Debug|Any CPU.Build.0 = Debug|Any CPU
		{A2F72971-7828-4472-B87F-96C95A56F7CC}.Debug|x64.ActiveCfg = Debug|Any CPU
		{A2F72971-7828-4472-B87F-96C95A56F7CC}.Debug|x64.Build.0 = Debug|Any CPU
		{A2F72971-7828-4472-B87F-96C95A56F7CC}.Debug|x86.ActiveCfg = Debug|Any CPU
		{A2F72971-7828-4472-B87F-96C95A56F7CC}.Debug|x86.Build.0 = Debug|Any CPU
		{A2F72971-7828-4472-B87F-96C95A56F7CC}.Release|Any CPU.ActiveCfg = Release|Any CPU
		{A2F72971-7828-4472-B87F-96C95A56F7CC}.Release|Any CPU.Build.0 = Release|Any CPU
		{A2F72971-7828-4472-B87F-96C95A56F7CC}.Release|x64.ActiveCfg = Release|Any CPU
		{A2F72971-7828-4472-B87F-96C95A56F7CC}.Release|x64.Build.0 = Release|Any CPU
		{A2F72971-7828-4472-B87F-96C95A56F7CC}.Release|x86.ActiveCfg = Release|Any CPU
		{A2F72971-7828-4472-B87F-96C95A56F7CC}.Release|x86.Build.0 = Release|Any CPU
		{6D205C10-D1C7-4209-8D11-CBAF5CF5CCEC}.Debug|Any CPU.ActiveCfg = Debug|Any CPU
		{6D205C10-D1C7-4209-8D11-CBAF5CF5CCEC}.Debug|Any CPU.Build.0 = Debug|Any CPU
		{6D205C10-D1C7-4209-8D11-CBAF5CF5CCEC}.Debug|x64.ActiveCfg = Debug|Any CPU
		{6D205C10-D1C7-4209-8D11-CBAF5CF5CCEC}.Debug|x64.Build.0 = Debug|Any CPU
		{6D205C10-D1C7-4209-8D11-CBAF5CF5CCEC}.Debug|x86.ActiveCfg = Debug|Any CPU
		{6D205C10-D1C7-4209-8D11-CBAF5CF5CCEC}.Debug|x86.Build.0 = Debug|Any CPU
		{6D205C10-D1C7-4209-8D11-CBAF5CF5CCEC}.Release|Any CPU.ActiveCfg = Release|Any CPU
		{6D205C10-D1C7-4209-8D11-CBAF5CF5CCEC}.Release|Any CPU.Build.0 = Release|Any CPU
		{6D205C10-D1C7-4209-8D11-CBAF5CF5CCEC}.Release|x64.ActiveCfg = Release|Any CPU
		{6D205C10-D1C7-4209-8D11-CBAF5CF5CCEC}.Release|x64.Build.0 = Release|Any CPU
		{6D205C10-D1C7-4209-8D11-CBAF5CF5CCEC}.Release|x86.ActiveCfg = Release|Any CPU
		{6D205C10-D1C7-4209-8D11-CBAF5CF5CCEC}.Release|x86.Build.0 = Release|Any CPU
	EndGlobalSection
	GlobalSection(SolutionProperties) = preSolution
		HideSolutionNode = FALSE
	EndGlobalSection
	GlobalSection(ExtensibilityGlobals) = postSolution
		SolutionGuid = {C2D94532-BDB8-44D3-BCBB-216CAE2D2F0C}
	EndGlobalSection
EndGlobal
